// !$*UTF8*$!
{
	archiveVersion = 1;
	classes = {
	};
	objectVersion = 46;
	objects = {

/* Begin PBXBuildFile section */
		969445D1C9B1B60D7B0B8625 /* libPods.a in Frameworks */ = {isa = PBXBuildFile; fileRef = 40FD37C40D6C4A57F4696969 /* libPods.a */; };
		B81921B21CC60F3C006FBB8F /* SHTRecommendTagsViewController.m in Sources */ = {isa = PBXBuildFile; fileRef = B81921B11CC60F3C006FBB8F /* SHTRecommendTagsViewController.m */; };
		B87628681CC6272F003DBF6A /* SHTRecommendTag.m in Sources */ = {isa = PBXBuildFile; fileRef = B87628671CC6272F003DBF6A /* SHTRecommendTag.m */; };
		B876286C1CC62996003DBF6A /* SHTRecommendTagCell.m in Sources */ = {isa = PBXBuildFile; fileRef = B876286A1CC62996003DBF6A /* SHTRecommendTagCell.m */; };
		B876286D1CC62996003DBF6A /* SHTRecommendTagCell.xib in Resources */ = {isa = PBXBuildFile; fileRef = B876286B1CC62996003DBF6A /* SHTRecommendTagCell.xib */; };
		B87628B01CC68A97003DBF6A /* SHTLoginRegisterViewController.m in Sources */ = {isa = PBXBuildFile; fileRef = B87628AE1CC68A97003DBF6A /* SHTLoginRegisterViewController.m */; };
		B87628B11CC68A97003DBF6A /* SHTLoginRegisterViewController.xib in Resources */ = {isa = PBXBuildFile; fileRef = B87628AF1CC68A97003DBF6A /* SHTLoginRegisterViewController.xib */; };
		B87628B41CC70517003DBF6A /* SHTVerticalButton.m in Sources */ = {isa = PBXBuildFile; fileRef = B87628B31CC70517003DBF6A /* SHTVerticalButton.m */; };
		B87628B71CC78950003DBF6A /* SHTPushGuideView.m in Sources */ = {isa = PBXBuildFile; fileRef = B87628B61CC78950003DBF6A /* SHTPushGuideView.m */; };
		B87628B91CC78990003DBF6A /* SHTPushGuideView.xib in Resources */ = {isa = PBXBuildFile; fileRef = B87628B81CC78990003DBF6A /* SHTPushGuideView.xib */; };
		B87A3BA81CC47AED00C45380 /* SHTRecommendViewController.m in Sources */ = {isa = PBXBuildFile; fileRef = B87A3BA61CC47AED00C45380 /* SHTRecommendViewController.m */; };
		B87A3BA91CC47AED00C45380 /* SHTRecommendViewController.xib in Resources */ = {isa = PBXBuildFile; fileRef = B87A3BA71CC47AED00C45380 /* SHTRecommendViewController.xib */; };
		B87A3BAB1CC47DDB00C45380 /* Foundation+Log.m in Sources */ = {isa = PBXBuildFile; fileRef = B87A3BAA1CC47DDB00C45380 /* Foundation+Log.m */; };
		B87A3BAE1CC494A900C45380 /* SHTRecommendCategory.m in Sources */ = {isa = PBXBuildFile; fileRef = B87A3BAD1CC494A900C45380 /* SHTRecommendCategory.m */; };
		B87A3BB21CC4A22F00C45380 /* SHTRecommendCategoryCell.m in Sources */ = {isa = PBXBuildFile; fileRef = B87A3BB01CC4A22F00C45380 /* SHTRecommendCategoryCell.m */; };
		B87A3BB31CC4A22F00C45380 /* SHTRecommendCategoryCell.xib in Resources */ = {isa = PBXBuildFile; fileRef = B87A3BB11CC4A22F00C45380 /* SHTRecommendCategoryCell.xib */; };
		B87A3BB71CC4D5AD00C45380 /* SHTRecommendUserCell.m in Sources */ = {isa = PBXBuildFile; fileRef = B87A3BB51CC4D5AD00C45380 /* SHTRecommendUserCell.m */; };
		B87A3BB81CC4D5AD00C45380 /* SHTRecommendUserCell.xib in Resources */ = {isa = PBXBuildFile; fileRef = B87A3BB61CC4D5AD00C45380 /* SHTRecommendUserCell.xib */; };
		B87A3BBB1CC4E82400C45380 /* SHTRecommendUser.m in Sources */ = {isa = PBXBuildFile; fileRef = B87A3BBA1CC4E82400C45380 /* SHTRecommendUser.m */; };
		B8AF023B1CC0DBDE00F180F4 /* Assets.xcassets in Resources */ = {isa = PBXBuildFile; fileRef = B8AF023A1CC0DBDE00F180F4 /* Assets.xcassets */; };
		B8AF02491CC0DBDE00F180F4 /* ShanghaiBeachTests.m in Sources */ = {isa = PBXBuildFile; fileRef = B8AF02481CC0DBDE00F180F4 /* ShanghaiBeachTests.m */; };
		B8AF02541CC0DBDE00F180F4 /* ShanghaiBeachUITests.m in Sources */ = {isa = PBXBuildFile; fileRef = B8AF02531CC0DBDE00F180F4 /* ShanghaiBeachUITests.m */; };
		B8AF027C1CC0DFC000F180F4 /* AppDelegate.m in Sources */ = {isa = PBXBuildFile; fileRef = B8AF02741CC0DFC000F180F4 /* AppDelegate.m */; };
		B8AF027E1CC0DFC000F180F4 /* main.m in Sources */ = {isa = PBXBuildFile; fileRef = B8AF02771CC0DFC000F180F4 /* main.m */; };
		B8AF027F1CC0DFC000F180F4 /* ViewController.m in Sources */ = {isa = PBXBuildFile; fileRef = B8AF027B1CC0DFC000F180F4 /* ViewController.m */; };
		B8AF02811CC0E0B800F180F4 /* Info.plist in Resources */ = {isa = PBXBuildFile; fileRef = B8AF02801CC0E0B800F180F4 /* Info.plist */; };
		B8AF02841CC0E3B700F180F4 /* SHTTabBar.m in Sources */ = {isa = PBXBuildFile; fileRef = B8AF02831CC0E3B700F180F4 /* SHTTabBar.m */; };
		B8AF028B1CC0E50F00F180F4 /* UIBarButtonItem+XMGExtension.m in Sources */ = {isa = PBXBuildFile; fileRef = B8AF02881CC0E50F00F180F4 /* UIBarButtonItem+XMGExtension.m */; };
		B8AF028C1CC0E50F00F180F4 /* UIView+XMGExtension.m in Sources */ = {isa = PBXBuildFile; fileRef = B8AF028A1CC0E50F00F180F4 /* UIView+XMGExtension.m */; };
		B8CD3C7E1CC0E76400B7CA4B /* SHTTabBarController.m in Sources */ = {isa = PBXBuildFile; fileRef = B8CD3C7D1CC0E76400B7CA4B /* SHTTabBarController.m */; };
		B8CD3C811CC0E85E00B7CA4B /* SHTHomeViewController.m in Sources */ = {isa = PBXBuildFile; fileRef = B8CD3C801CC0E85E00B7CA4B /* SHTHomeViewController.m */; };
		B8CD3C841CC0E87F00B7CA4B /* SHTDialogueViewController.m in Sources */ = {isa = PBXBuildFile; fileRef = B8CD3C831CC0E87F00B7CA4B /* SHTDialogueViewController.m */; };
		B8CD3C871CC0E8A900B7CA4B /* SHTDiscoverViewController.m in Sources */ = {isa = PBXBuildFile; fileRef = B8CD3C861CC0E8A900B7CA4B /* SHTDiscoverViewController.m */; };
		B8CD3C8A1CC0E8C300B7CA4B /* SHTMeViewController.m in Sources */ = {isa = PBXBuildFile; fileRef = B8CD3C891CC0E8C300B7CA4B /* SHTMeViewController.m */; };
		B8D1F7F51CC3CD1F002F9CEA /* SHTNavigationController.m in Sources */ = {isa = PBXBuildFile; fileRef = B8D1F7F41CC3CD1F002F9CEA /* SHTNavigationController.m */; };
		B8D1F7F71CC3E3E2002F9CEA /* SHTDiscoverViewController.xib in Resources */ = {isa = PBXBuildFile; fileRef = B8D1F7F61CC3E3E2002F9CEA /* SHTDiscoverViewController.xib */; };
/* End PBXBuildFile section */

/* Begin PBXContainerItemProxy section */
		B8AF02451CC0DBDE00F180F4 /* PBXContainerItemProxy */ = {
			isa = PBXContainerItemProxy;
			containerPortal = B8AF02231CC0DBDE00F180F4 /* Project object */;
			proxyType = 1;
			remoteGlobalIDString = B8AF022A1CC0DBDE00F180F4;
			remoteInfo = ShanghaiBeach;
		};
		B8AF02501CC0DBDE00F180F4 /* PBXContainerItemProxy */ = {
			isa = PBXContainerItemProxy;
			containerPortal = B8AF02231CC0DBDE00F180F4 /* Project object */;
			proxyType = 1;
			remoteGlobalIDString = B8AF022A1CC0DBDE00F180F4;
			remoteInfo = ShanghaiBeach;
		};
/* End PBXContainerItemProxy section */

/* Begin PBXFileReference section */
		40FD37C40D6C4A57F4696969 /* libPods.a */ = {isa = PBXFileReference; explicitFileType = archive.ar; includeInIndex = 0; path = libPods.a; sourceTree = BUILT_PRODUCTS_DIR; };
		418D304A6E3049F271BBC4E6 /* Pods.release.xcconfig */ = {isa = PBXFileReference; includeInIndex = 1; lastKnownFileType = text.xcconfig; name = Pods.release.xcconfig; path = "Pods/Target Support Files/Pods/Pods.release.xcconfig"; sourceTree = "<group>"; };
		4514E498D57CF39F83748DD1 /* Pods.debug.xcconfig */ = {isa = PBXFileReference; includeInIndex = 1; lastKnownFileType = text.xcconfig; name = Pods.debug.xcconfig; path = "Pods/Target Support Files/Pods/Pods.debug.xcconfig"; sourceTree = "<group>"; };
		B81921B01CC60F3C006FBB8F /* SHTRecommendTagsViewController.h */ = {isa = PBXFileReference; fileEncoding = 4; lastKnownFileType = sourcecode.c.h; path = SHTRecommendTagsViewController.h; sourceTree = "<group>"; };
		B81921B11CC60F3C006FBB8F /* SHTRecommendTagsViewController.m */ = {isa = PBXFileReference; fileEncoding = 4; lastKnownFileType = sourcecode.c.objc; path = SHTRecommendTagsViewController.m; sourceTree = "<group>"; };
		B87628661CC6272F003DBF6A /* SHTRecommendTag.h */ = {isa = PBXFileReference; fileEncoding = 4; lastKnownFileType = sourcecode.c.h; path = SHTRecommendTag.h; sourceTree = "<group>"; };
		B87628671CC6272F003DBF6A /* SHTRecommendTag.m */ = {isa = PBXFileReference; fileEncoding = 4; lastKnownFileType = sourcecode.c.objc; path = SHTRecommendTag.m; sourceTree = "<group>"; };
		B87628691CC62996003DBF6A /* SHTRecommendTagCell.h */ = {isa = PBXFileReference; fileEncoding = 4; lastKnownFileType = sourcecode.c.h; path = SHTRecommendTagCell.h; sourceTree = "<group>"; };
		B876286A1CC62996003DBF6A /* SHTRecommendTagCell.m */ = {isa = PBXFileReference; fileEncoding = 4; lastKnownFileType = sourcecode.c.objc; path = SHTRecommendTagCell.m; sourceTree = "<group>"; };
		B876286B1CC62996003DBF6A /* SHTRecommendTagCell.xib */ = {isa = PBXFileReference; fileEncoding = 4; lastKnownFileType = file.xib; path = SHTRecommendTagCell.xib; sourceTree = "<group>"; };
		B87628AD1CC68A97003DBF6A /* SHTLoginRegisterViewController.h */ = {isa = PBXFileReference; fileEncoding = 4; lastKnownFileType = sourcecode.c.h; path = SHTLoginRegisterViewController.h; sourceTree = "<group>"; };
		B87628AE1CC68A97003DBF6A /* SHTLoginRegisterViewController.m */ = {isa = PBXFileReference; fileEncoding = 4; lastKnownFileType = sourcecode.c.objc; path = SHTLoginRegisterViewController.m; sourceTree = "<group>"; };
		B87628AF1CC68A97003DBF6A /* SHTLoginRegisterViewController.xib */ = {isa = PBXFileReference; fileEncoding = 4; lastKnownFileType = file.xib; path = SHTLoginRegisterViewController.xib; sourceTree = "<group>"; };
		B87628B21CC70517003DBF6A /* SHTVerticalButton.h */ = {isa = PBXFileReference; fileEncoding = 4; lastKnownFileType = sourcecode.c.h; path = SHTVerticalButton.h; sourceTree = "<group>"; };
		B87628B31CC70517003DBF6A /* SHTVerticalButton.m */ = {isa = PBXFileReference; fileEncoding = 4; lastKnownFileType = sourcecode.c.objc; path = SHTVerticalButton.m; sourceTree = "<group>"; };
		B87628B51CC78950003DBF6A /* SHTPushGuideView.h */ = {isa = PBXFileReference; fileEncoding = 4; lastKnownFileType = sourcecode.c.h; path = SHTPushGuideView.h; sourceTree = "<group>"; };
		B87628B61CC78950003DBF6A /* SHTPushGuideView.m */ = {isa = PBXFileReference; fileEncoding = 4; lastKnownFileType = sourcecode.c.objc; path = SHTPushGuideView.m; sourceTree = "<group>"; };
		B87628B81CC78990003DBF6A /* SHTPushGuideView.xib */ = {isa = PBXFileReference; fileEncoding = 4; lastKnownFileType = file.xib; path = SHTPushGuideView.xib; sourceTree = "<group>"; };
		B87A3BA51CC47AED00C45380 /* SHTRecommendViewController.h */ = {isa = PBXFileReference; fileEncoding = 4; lastKnownFileType = sourcecode.c.h; path = SHTRecommendViewController.h; sourceTree = "<group>"; };
		B87A3BA61CC47AED00C45380 /* SHTRecommendViewController.m */ = {isa = PBXFileReference; fileEncoding = 4; lastKnownFileType = sourcecode.c.objc; path = SHTRecommendViewController.m; sourceTree = "<group>"; };
		B87A3BA71CC47AED00C45380 /* SHTRecommendViewController.xib */ = {isa = PBXFileReference; fileEncoding = 4; lastKnownFileType = file.xib; path = SHTRecommendViewController.xib; sourceTree = "<group>"; };
		B87A3BAA1CC47DDB00C45380 /* Foundation+Log.m */ = {isa = PBXFileReference; fileEncoding = 4; lastKnownFileType = sourcecode.c.objc; path = "Foundation+Log.m"; sourceTree = "<group>"; };
		B87A3BAC1CC494A900C45380 /* SHTRecommendCategory.h */ = {isa = PBXFileReference; fileEncoding = 4; lastKnownFileType = sourcecode.c.h; path = SHTRecommendCategory.h; sourceTree = "<group>"; };
		B87A3BAD1CC494A900C45380 /* SHTRecommendCategory.m */ = {isa = PBXFileReference; fileEncoding = 4; lastKnownFileType = sourcecode.c.objc; path = SHTRecommendCategory.m; sourceTree = "<group>"; };
		B87A3BAF1CC4A22F00C45380 /* SHTRecommendCategoryCell.h */ = {isa = PBXFileReference; fileEncoding = 4; lastKnownFileType = sourcecode.c.h; path = SHTRecommendCategoryCell.h; sourceTree = "<group>"; };
		B87A3BB01CC4A22F00C45380 /* SHTRecommendCategoryCell.m */ = {isa = PBXFileReference; fileEncoding = 4; lastKnownFileType = sourcecode.c.objc; path = SHTRecommendCategoryCell.m; sourceTree = "<group>"; };
		B87A3BB11CC4A22F00C45380 /* SHTRecommendCategoryCell.xib */ = {isa = PBXFileReference; fileEncoding = 4; lastKnownFileType = file.xib; path = SHTRecommendCategoryCell.xib; sourceTree = "<group>"; };
		B87A3BB41CC4D5AD00C45380 /* SHTRecommendUserCell.h */ = {isa = PBXFileReference; fileEncoding = 4; lastKnownFileType = sourcecode.c.h; path = SHTRecommendUserCell.h; sourceTree = "<group>"; };
		B87A3BB51CC4D5AD00C45380 /* SHTRecommendUserCell.m */ = {isa = PBXFileReference; fileEncoding = 4; lastKnownFileType = sourcecode.c.objc; path = SHTRecommendUserCell.m; sourceTree = "<group>"; };
		B87A3BB61CC4D5AD00C45380 /* SHTRecommendUserCell.xib */ = {isa = PBXFileReference; fileEncoding = 4; lastKnownFileType = file.xib; path = SHTRecommendUserCell.xib; sourceTree = "<group>"; };
		B87A3BB91CC4E82400C45380 /* SHTRecommendUser.h */ = {isa = PBXFileReference; fileEncoding = 4; lastKnownFileType = sourcecode.c.h; path = SHTRecommendUser.h; sourceTree = "<group>"; };
		B87A3BBA1CC4E82400C45380 /* SHTRecommendUser.m */ = {isa = PBXFileReference; fileEncoding = 4; lastKnownFileType = sourcecode.c.objc; path = SHTRecommendUser.m; sourceTree = "<group>"; };
		B8AF022B1CC0DBDE00F180F4 /* ShanghaiBeach.app */ = {isa = PBXFileReference; explicitFileType = wrapper.application; includeInIndex = 0; path = ShanghaiBeach.app; sourceTree = BUILT_PRODUCTS_DIR; };
		B8AF023A1CC0DBDE00F180F4 /* Assets.xcassets */ = {isa = PBXFileReference; lastKnownFileType = folder.assetcatalog; path = Assets.xcassets; sourceTree = "<group>"; };
		B8AF02441CC0DBDE00F180F4 /* ShanghaiBeachTests.xctest */ = {isa = PBXFileReference; explicitFileType = wrapper.cfbundle; includeInIndex = 0; path = ShanghaiBeachTests.xctest; sourceTree = BUILT_PRODUCTS_DIR; };
		B8AF02481CC0DBDE00F180F4 /* ShanghaiBeachTests.m */ = {isa = PBXFileReference; lastKnownFileType = sourcecode.c.objc; path = ShanghaiBeachTests.m; sourceTree = "<group>"; };
		B8AF024A1CC0DBDE00F180F4 /* Info.plist */ = {isa = PBXFileReference; lastKnownFileType = text.plist.xml; path = Info.plist; sourceTree = "<group>"; };
		B8AF024F1CC0DBDE00F180F4 /* ShanghaiBeachUITests.xctest */ = {isa = PBXFileReference; explicitFileType = wrapper.cfbundle; includeInIndex = 0; path = ShanghaiBeachUITests.xctest; sourceTree = BUILT_PRODUCTS_DIR; };
		B8AF02531CC0DBDE00F180F4 /* ShanghaiBeachUITests.m */ = {isa = PBXFileReference; lastKnownFileType = sourcecode.c.objc; path = ShanghaiBeachUITests.m; sourceTree = "<group>"; };
		B8AF02551CC0DBDE00F180F4 /* Info.plist */ = {isa = PBXFileReference; lastKnownFileType = text.plist.xml; path = Info.plist; sourceTree = "<group>"; };
		B8AF02731CC0DFC000F180F4 /* AppDelegate.h */ = {isa = PBXFileReference; fileEncoding = 4; lastKnownFileType = sourcecode.c.h; path = AppDelegate.h; sourceTree = "<group>"; };
		B8AF02741CC0DFC000F180F4 /* AppDelegate.m */ = {isa = PBXFileReference; fileEncoding = 4; lastKnownFileType = sourcecode.c.objc; path = AppDelegate.m; sourceTree = "<group>"; };
		B8AF02771CC0DFC000F180F4 /* main.m */ = {isa = PBXFileReference; fileEncoding = 4; lastKnownFileType = sourcecode.c.objc; path = main.m; sourceTree = "<group>"; };
		B8AF027A1CC0DFC000F180F4 /* ViewController.h */ = {isa = PBXFileReference; fileEncoding = 4; lastKnownFileType = sourcecode.c.h; path = ViewController.h; sourceTree = "<group>"; };
		B8AF027B1CC0DFC000F180F4 /* ViewController.m */ = {isa = PBXFileReference; fileEncoding = 4; lastKnownFileType = sourcecode.c.objc; path = ViewController.m; sourceTree = "<group>"; };
		B8AF02801CC0E0B800F180F4 /* Info.plist */ = {isa = PBXFileReference; fileEncoding = 4; lastKnownFileType = text.plist.xml; path = Info.plist; sourceTree = "<group>"; };
		B8AF02821CC0E3B700F180F4 /* SHTTabBar.h */ = {isa = PBXFileReference; fileEncoding = 4; lastKnownFileType = sourcecode.c.h; path = SHTTabBar.h; sourceTree = "<group>"; };
		B8AF02831CC0E3B700F180F4 /* SHTTabBar.m */ = {isa = PBXFileReference; fileEncoding = 4; lastKnownFileType = sourcecode.c.objc; path = SHTTabBar.m; sourceTree = "<group>"; };
		B8AF02851CC0E47100F180F4 /* PrefixHeader.pch */ = {isa = PBXFileReference; lastKnownFileType = sourcecode.c.h; path = PrefixHeader.pch; sourceTree = "<group>"; };
		B8AF02871CC0E50F00F180F4 /* UIBarButtonItem+XMGExtension.h */ = {isa = PBXFileReference; fileEncoding = 4; lastKnownFileType = sourcecode.c.h; path = "UIBarButtonItem+XMGExtension.h"; sourceTree = "<group>"; };
		B8AF02881CC0E50F00F180F4 /* UIBarButtonItem+XMGExtension.m */ = {isa = PBXFileReference; fileEncoding = 4; lastKnownFileType = sourcecode.c.objc; path = "UIBarButtonItem+XMGExtension.m"; sourceTree = "<group>"; };
		B8AF02891CC0E50F00F180F4 /* UIView+XMGExtension.h */ = {isa = PBXFileReference; fileEncoding = 4; lastKnownFileType = sourcecode.c.h; path = "UIView+XMGExtension.h"; sourceTree = "<group>"; };
		B8AF028A1CC0E50F00F180F4 /* UIView+XMGExtension.m */ = {isa = PBXFileReference; fileEncoding = 4; lastKnownFileType = sourcecode.c.objc; path = "UIView+XMGExtension.m"; sourceTree = "<group>"; };
		B8CD3C7C1CC0E76400B7CA4B /* SHTTabBarController.h */ = {isa = PBXFileReference; fileEncoding = 4; lastKnownFileType = sourcecode.c.h; path = SHTTabBarController.h; sourceTree = "<group>"; };
		B8CD3C7D1CC0E76400B7CA4B /* SHTTabBarController.m */ = {isa = PBXFileReference; fileEncoding = 4; lastKnownFileType = sourcecode.c.objc; path = SHTTabBarController.m; sourceTree = "<group>"; };
		B8CD3C7F1CC0E85E00B7CA4B /* SHTHomeViewController.h */ = {isa = PBXFileReference; fileEncoding = 4; lastKnownFileType = sourcecode.c.h; path = SHTHomeViewController.h; sourceTree = "<group>"; };
		B8CD3C801CC0E85E00B7CA4B /* SHTHomeViewController.m */ = {isa = PBXFileReference; fileEncoding = 4; lastKnownFileType = sourcecode.c.objc; path = SHTHomeViewController.m; sourceTree = "<group>"; };
		B8CD3C821CC0E87F00B7CA4B /* SHTDialogueViewController.h */ = {isa = PBXFileReference; fileEncoding = 4; lastKnownFileType = sourcecode.c.h; path = SHTDialogueViewController.h; sourceTree = "<group>"; };
		B8CD3C831CC0E87F00B7CA4B /* SHTDialogueViewController.m */ = {isa = PBXFileReference; fileEncoding = 4; lastKnownFileType = sourcecode.c.objc; path = SHTDialogueViewController.m; sourceTree = "<group>"; };
		B8CD3C851CC0E8A900B7CA4B /* SHTDiscoverViewController.h */ = {isa = PBXFileReference; fileEncoding = 4; lastKnownFileType = sourcecode.c.h; path = SHTDiscoverViewController.h; sourceTree = "<group>"; };
		B8CD3C861CC0E8A900B7CA4B /* SHTDiscoverViewController.m */ = {isa = PBXFileReference; fileEncoding = 4; lastKnownFileType = sourcecode.c.objc; path = SHTDiscoverViewController.m; sourceTree = "<group>"; };
		B8CD3C881CC0E8C300B7CA4B /* SHTMeViewController.h */ = {isa = PBXFileReference; fileEncoding = 4; lastKnownFileType = sourcecode.c.h; path = SHTMeViewController.h; sourceTree = "<group>"; };
		B8CD3C891CC0E8C300B7CA4B /* SHTMeViewController.m */ = {isa = PBXFileReference; fileEncoding = 4; lastKnownFileType = sourcecode.c.objc; path = SHTMeViewController.m; sourceTree = "<group>"; };
		B8D1F7F31CC3CD1F002F9CEA /* SHTNavigationController.h */ = {isa = PBXFileReference; fileEncoding = 4; lastKnownFileType = sourcecode.c.h; path = SHTNavigationController.h; sourceTree = "<group>"; };
		B8D1F7F41CC3CD1F002F9CEA /* SHTNavigationController.m */ = {isa = PBXFileReference; fileEncoding = 4; lastKnownFileType = sourcecode.c.objc; path = SHTNavigationController.m; sourceTree = "<group>"; };
		B8D1F7F61CC3E3E2002F9CEA /* SHTDiscoverViewController.xib */ = {isa = PBXFileReference; fileEncoding = 4; lastKnownFileType = file.xib; path = SHTDiscoverViewController.xib; sourceTree = "<group>"; };
/* End PBXFileReference section */

/* Begin PBXFrameworksBuildPhase section */
		B8AF02281CC0DBDE00F180F4 /* Frameworks */ = {
			isa = PBXFrameworksBuildPhase;
			buildActionMask = 2147483647;
			files = (
				969445D1C9B1B60D7B0B8625 /* libPods.a in Frameworks */,
			);
			runOnlyForDeploymentPostprocessing = 0;
		};
		B8AF02411CC0DBDE00F180F4 /* Frameworks */ = {
			isa = PBXFrameworksBuildPhase;
			buildActionMask = 2147483647;
			files = (
			);
			runOnlyForDeploymentPostprocessing = 0;
		};
		B8AF024C1CC0DBDE00F180F4 /* Frameworks */ = {
			isa = PBXFrameworksBuildPhase;
			buildActionMask = 2147483647;
			files = (
			);
			runOnlyForDeploymentPostprocessing = 0;
		};
/* End PBXFrameworksBuildPhase section */

/* Begin PBXGroup section */
		60B8A3289256483A7A32D106 /* Pods */ = {
			isa = PBXGroup;
			children = (
				4514E498D57CF39F83748DD1 /* Pods.debug.xcconfig */,
				418D304A6E3049F271BBC4E6 /* Pods.release.xcconfig */,
			);
			name = Pods;
			sourceTree = "<group>";
		};
		B196651A461377F736353F8F /* Frameworks */ = {
			isa = PBXGroup;
			children = (
				40FD37C40D6C4A57F4696969 /* libPods.a */,
			);
			name = Frameworks;
			sourceTree = "<group>";
		};
		B8AF02221CC0DBDE00F180F4 = {
			isa = PBXGroup;
			children = (
				B8AF022D1CC0DBDE00F180F4 /* ShanghaiBeach */,
				B8AF02471CC0DBDE00F180F4 /* ShanghaiBeachTests */,
				B8AF02521CC0DBDE00F180F4 /* ShanghaiBeachUITests */,
				B8AF022C1CC0DBDE00F180F4 /* Products */,
				60B8A3289256483A7A32D106 /* Pods */,
				B196651A461377F736353F8F /* Frameworks */,
			);
			sourceTree = "<group>";
		};
		B8AF022C1CC0DBDE00F180F4 /* Products */ = {
			isa = PBXGroup;
			children = (
				B8AF022B1CC0DBDE00F180F4 /* ShanghaiBeach.app */,
				B8AF02441CC0DBDE00F180F4 /* ShanghaiBeachTests.xctest */,
				B8AF024F1CC0DBDE00F180F4 /* ShanghaiBeachUITests.xctest */,
			);
			name = Products;
			sourceTree = "<group>";
		};
		B8AF022D1CC0DBDE00F180F4 /* ShanghaiBeach */ = {
			isa = PBXGroup;
			children = (
				B8AF02611CC0DFC000F180F4 /* Classes */,
				B8AF022E1CC0DBDE00F180F4 /* Supporting Files */,
			);
			path = ShanghaiBeach;
			sourceTree = "<group>";
		};
		B8AF022E1CC0DBDE00F180F4 /* Supporting Files */ = {
			isa = PBXGroup;
			children = (
				B8AF023A1CC0DBDE00F180F4 /* Assets.xcassets */,
				B8AF02801CC0E0B800F180F4 /* Info.plist */,
			);
			name = "Supporting Files";
			sourceTree = "<group>";
		};
		B8AF02471CC0DBDE00F180F4 /* ShanghaiBeachTests */ = {
			isa = PBXGroup;
			children = (
				B8AF02481CC0DBDE00F180F4 /* ShanghaiBeachTests.m */,
				B8AF024A1CC0DBDE00F180F4 /* Info.plist */,
			);
			path = ShanghaiBeachTests;
			sourceTree = "<group>";
		};
		B8AF02521CC0DBDE00F180F4 /* ShanghaiBeachUITests */ = {
			isa = PBXGroup;
			children = (
				B8AF02531CC0DBDE00F180F4 /* ShanghaiBeachUITests.m */,
				B8AF02551CC0DBDE00F180F4 /* Info.plist */,
			);
			path = ShanghaiBeachUITests;
			sourceTree = "<group>";
		};
		B8AF02611CC0DFC000F180F4 /* Classes */ = {
			isa = PBXGroup;
			children = (
				B8AF026A1CC0DFC000F180F4 /* Home */,
				B8AF02621CC0DFC000F180F4 /* Dialogue */,
				B8AF02661CC0DFC000F180F4 /* Discover */,
				B8AF026E1CC0DFC000F180F4 /* Me */,
				B8AF02721CC0DFC000F180F4 /* Others */,
			);
			path = Classes;
			sourceTree = "<group>";
		};
		B8AF02621CC0DFC000F180F4 /* Dialogue */ = {
			isa = PBXGroup;
			children = (
				B8AF02631CC0DFC000F180F4 /* Controller */,
				B8AF02641CC0DFC000F180F4 /* Model */,
				B8AF02651CC0DFC000F180F4 /* View */,
			);
			path = Dialogue;
			sourceTree = "<group>";
		};
		B8AF02631CC0DFC000F180F4 /* Controller */ = {
			isa = PBXGroup;
			children = (
				B8CD3C821CC0E87F00B7CA4B /* SHTDialogueViewController.h */,
				B8CD3C831CC0E87F00B7CA4B /* SHTDialogueViewController.m */,
			);
			path = Controller;
			sourceTree = "<group>";
		};
		B8AF02641CC0DFC000F180F4 /* Model */ = {
			isa = PBXGroup;
			children = (
			);
			path = Model;
			sourceTree = "<group>";
		};
		B8AF02651CC0DFC000F180F4 /* View */ = {
			isa = PBXGroup;
			children = (
			);
			path = View;
			sourceTree = "<group>";
		};
		B8AF02661CC0DFC000F180F4 /* Discover */ = {
			isa = PBXGroup;
			children = (
				B8AF02671CC0DFC000F180F4 /* Controller */,
				B8AF02681CC0DFC000F180F4 /* Model */,
				B8AF02691CC0DFC000F180F4 /* View */,
			);
			path = Discover;
			sourceTree = "<group>";
		};
		B8AF02671CC0DFC000F180F4 /* Controller */ = {
			isa = PBXGroup;
			children = (
				B8CD3C851CC0E8A900B7CA4B /* SHTDiscoverViewController.h */,
				B8CD3C861CC0E8A900B7CA4B /* SHTDiscoverViewController.m */,
				B8D1F7F61CC3E3E2002F9CEA /* SHTDiscoverViewController.xib */,
				B87A3BA51CC47AED00C45380 /* SHTRecommendViewController.h */,
				B87A3BA61CC47AED00C45380 /* SHTRecommendViewController.m */,
				B87A3BA71CC47AED00C45380 /* SHTRecommendViewController.xib */,
				B87628AD1CC68A97003DBF6A /* SHTLoginRegisterViewController.h */,
				B87628AE1CC68A97003DBF6A /* SHTLoginRegisterViewController.m */,
				B87628AF1CC68A97003DBF6A /* SHTLoginRegisterViewController.xib */,
			);
			path = Controller;
			sourceTree = "<group>";
		};
		B8AF02681CC0DFC000F180F4 /* Model */ = {
			isa = PBXGroup;
			children = (
				B87A3BAC1CC494A900C45380 /* SHTRecommendCategory.h */,
				B87A3BAD1CC494A900C45380 /* SHTRecommendCategory.m */,
				B87A3BB91CC4E82400C45380 /* SHTRecommendUser.h */,
				B87A3BBA1CC4E82400C45380 /* SHTRecommendUser.m */,
			);
			path = Model;
			sourceTree = "<group>";
		};
		B8AF02691CC0DFC000F180F4 /* View */ = {
			isa = PBXGroup;
			children = (
				B87A3BAF1CC4A22F00C45380 /* SHTRecommendCategoryCell.h */,
				B87A3BB01CC4A22F00C45380 /* SHTRecommendCategoryCell.m */,
				B87A3BB11CC4A22F00C45380 /* SHTRecommendCategoryCell.xib */,
				B87A3BB41CC4D5AD00C45380 /* SHTRecommendUserCell.h */,
				B87A3BB51CC4D5AD00C45380 /* SHTRecommendUserCell.m */,
				B87A3BB61CC4D5AD00C45380 /* SHTRecommendUserCell.xib */,
				B87628B21CC70517003DBF6A /* SHTVerticalButton.h */,
				B87628B31CC70517003DBF6A /* SHTVerticalButton.m */,
			);
			path = View;
			sourceTree = "<group>";
		};
		B8AF026A1CC0DFC000F180F4 /* Home */ = {
			isa = PBXGroup;
			children = (
				B8AF026B1CC0DFC000F180F4 /* Controller */,
				B8AF026C1CC0DFC000F180F4 /* Model */,
				B8AF026D1CC0DFC000F180F4 /* View */,
			);
			path = Home;
			sourceTree = "<group>";
		};
		B8AF026B1CC0DFC000F180F4 /* Controller */ = {
			isa = PBXGroup;
			children = (
				B8CD3C7F1CC0E85E00B7CA4B /* SHTHomeViewController.h */,
				B8CD3C801CC0E85E00B7CA4B /* SHTHomeViewController.m */,
				B81921B01CC60F3C006FBB8F /* SHTRecommendTagsViewController.h */,
				B81921B11CC60F3C006FBB8F /* SHTRecommendTagsViewController.m */,
			);
			path = Controller;
			sourceTree = "<group>";
		};
		B8AF026C1CC0DFC000F180F4 /* Model */ = {
			isa = PBXGroup;
			children = (
				B87628661CC6272F003DBF6A /* SHTRecommendTag.h */,
				B87628671CC6272F003DBF6A /* SHTRecommendTag.m */,
			);
			path = Model;
			sourceTree = "<group>";
		};
		B8AF026D1CC0DFC000F180F4 /* View */ = {
			isa = PBXGroup;
			children = (
				B87628691CC62996003DBF6A /* SHTRecommendTagCell.h */,
				B876286A1CC62996003DBF6A /* SHTRecommendTagCell.m */,
				B876286B1CC62996003DBF6A /* SHTRecommendTagCell.xib */,
			);
			path = View;
			sourceTree = "<group>";
		};
		B8AF026E1CC0DFC000F180F4 /* Me */ = {
			isa = PBXGroup;
			children = (
				B8AF026F1CC0DFC000F180F4 /* Controller */,
				B8AF02701CC0DFC000F180F4 /* Model */,
				B8AF02711CC0DFC000F180F4 /* View */,
			);
			path = Me;
			sourceTree = "<group>";
		};
		B8AF026F1CC0DFC000F180F4 /* Controller */ = {
			isa = PBXGroup;
			children = (
				B8CD3C881CC0E8C300B7CA4B /* SHTMeViewController.h */,
				B8CD3C891CC0E8C300B7CA4B /* SHTMeViewController.m */,
			);
			path = Controller;
			sourceTree = "<group>";
		};
		B8AF02701CC0DFC000F180F4 /* Model */ = {
			isa = PBXGroup;
			children = (
			);
			path = Model;
			sourceTree = "<group>";
		};
		B8AF02711CC0DFC000F180F4 /* View */ = {
			isa = PBXGroup;
			children = (
			);
			path = View;
			sourceTree = "<group>";
		};
		B8AF02721CC0DFC000F180F4 /* Others */ = {
			isa = PBXGroup;
			children = (
				B8AF02861CC0E4F600F180F4 /* Category */,
				B8AF02751CC0DFC000F180F4 /* Controller */,
				B8AF02781CC0DFC000F180F4 /* Model */,
				B8AF02791CC0DFC000F180F4 /* View */,
				B8AF02731CC0DFC000F180F4 /* AppDelegate.h */,
				B8AF02741CC0DFC000F180F4 /* AppDelegate.m */,
				B8AF02771CC0DFC000F180F4 /* main.m */,
				B8AF027A1CC0DFC000F180F4 /* ViewController.h */,
				B8AF027B1CC0DFC000F180F4 /* ViewController.m */,
				B8AF02851CC0E47100F180F4 /* PrefixHeader.pch */,
				B87A3BAA1CC47DDB00C45380 /* Foundation+Log.m */,
			);
			path = Others;
			sourceTree = "<group>";
		};
		B8AF02751CC0DFC000F180F4 /* Controller */ = {
			isa = PBXGroup;
			children = (
				B8CD3C7C1CC0E76400B7CA4B /* SHTTabBarController.h */,
				B8CD3C7D1CC0E76400B7CA4B /* SHTTabBarController.m */,
				B8D1F7F31CC3CD1F002F9CEA /* SHTNavigationController.h */,
				B8D1F7F41CC3CD1F002F9CEA /* SHTNavigationController.m */,
			);
			path = Controller;
			sourceTree = "<group>";
		};
		B8AF02781CC0DFC000F180F4 /* Model */ = {
			isa = PBXGroup;
			children = (
			);
			path = Model;
			sourceTree = "<group>";
		};
		B8AF02791CC0DFC000F180F4 /* View */ = {
			isa = PBXGroup;
			children = (
				B8AF02821CC0E3B700F180F4 /* SHTTabBar.h */,
				B8AF02831CC0E3B700F180F4 /* SHTTabBar.m */,
				B87628B51CC78950003DBF6A /* SHTPushGuideView.h */,
				B87628B61CC78950003DBF6A /* SHTPushGuideView.m */,
				B87628B81CC78990003DBF6A /* SHTPushGuideView.xib */,
			);
			path = View;
			sourceTree = "<group>";
		};
		B8AF02861CC0E4F600F180F4 /* Category */ = {
			isa = PBXGroup;
			children = (
				B8AF02871CC0E50F00F180F4 /* UIBarButtonItem+XMGExtension.h */,
				B8AF02881CC0E50F00F180F4 /* UIBarButtonItem+XMGExtension.m */,
				B8AF02891CC0E50F00F180F4 /* UIView+XMGExtension.h */,
				B8AF028A1CC0E50F00F180F4 /* UIView+XMGExtension.m */,
			);
			path = Category;
			sourceTree = "<group>";
		};
/* End PBXGroup section */

/* Begin PBXNativeTarget section */
		B8AF022A1CC0DBDE00F180F4 /* ShanghaiBeach */ = {
			isa = PBXNativeTarget;
			buildConfigurationList = B8AF02581CC0DBDE00F180F4 /* Build configuration list for PBXNativeTarget "ShanghaiBeach" */;
			buildPhases = (
				BF6E32198C5741390FEF8D3A /* Check Pods Manifest.lock */,
				B8AF02271CC0DBDE00F180F4 /* Sources */,
				B8AF02281CC0DBDE00F180F4 /* Frameworks */,
				B8AF02291CC0DBDE00F180F4 /* Resources */,
				2EA69FC1BB610AB076C8B358 /* Embed Pods Frameworks */,
				3D3BE778502321ADF73C5B75 /* Copy Pods Resources */,
			);
			buildRules = (
			);
			dependencies = (
			);
			name = ShanghaiBeach;
			productName = ShanghaiBeach;
			productReference = B8AF022B1CC0DBDE00F180F4 /* ShanghaiBeach.app */;
			productType = "com.apple.product-type.application";
		};
		B8AF02431CC0DBDE00F180F4 /* ShanghaiBeachTests */ = {
			isa = PBXNativeTarget;
			buildConfigurationList = B8AF025B1CC0DBDE00F180F4 /* Build configuration list for PBXNativeTarget "ShanghaiBeachTests" */;
			buildPhases = (
				B8AF02401CC0DBDE00F180F4 /* Sources */,
				B8AF02411CC0DBDE00F180F4 /* Frameworks */,
				B8AF02421CC0DBDE00F180F4 /* Resources */,
			);
			buildRules = (
			);
			dependencies = (
				B8AF02461CC0DBDE00F180F4 /* PBXTargetDependency */,
			);
			name = ShanghaiBeachTests;
			productName = ShanghaiBeachTests;
			productReference = B8AF02441CC0DBDE00F180F4 /* ShanghaiBeachTests.xctest */;
			productType = "com.apple.product-type.bundle.unit-test";
		};
		B8AF024E1CC0DBDE00F180F4 /* ShanghaiBeachUITests */ = {
			isa = PBXNativeTarget;
			buildConfigurationList = B8AF025E1CC0DBDE00F180F4 /* Build configuration list for PBXNativeTarget "ShanghaiBeachUITests" */;
			buildPhases = (
				B8AF024B1CC0DBDE00F180F4 /* Sources */,
				B8AF024C1CC0DBDE00F180F4 /* Frameworks */,
				B8AF024D1CC0DBDE00F180F4 /* Resources */,
			);
			buildRules = (
			);
			dependencies = (
				B8AF02511CC0DBDE00F180F4 /* PBXTargetDependency */,
			);
			name = ShanghaiBeachUITests;
			productName = ShanghaiBeachUITests;
			productReference = B8AF024F1CC0DBDE00F180F4 /* ShanghaiBeachUITests.xctest */;
			productType = "com.apple.product-type.bundle.ui-testing";
		};
/* End PBXNativeTarget section */

/* Begin PBXProject section */
		B8AF02231CC0DBDE00F180F4 /* Project object */ = {
			isa = PBXProject;
			attributes = {
				LastUpgradeCheck = 0730;
				ORGANIZATIONNAME = "杨上海";
				TargetAttributes = {
					B8AF022A1CC0DBDE00F180F4 = {
						CreatedOnToolsVersion = 7.3;
						DevelopmentTeam = E5QVK8755P;
					};
					B8AF02431CC0DBDE00F180F4 = {
						CreatedOnToolsVersion = 7.3;
						DevelopmentTeam = E5QVK8755P;
						TestTargetID = B8AF022A1CC0DBDE00F180F4;
					};
					B8AF024E1CC0DBDE00F180F4 = {
						CreatedOnToolsVersion = 7.3;
						DevelopmentTeam = E5QVK8755P;
						TestTargetID = B8AF022A1CC0DBDE00F180F4;
					};
				};
			};
			buildConfigurationList = B8AF02261CC0DBDE00F180F4 /* Build configuration list for PBXProject "ShanghaiBeach" */;
			compatibilityVersion = "Xcode 3.2";
			developmentRegion = English;
			hasScannedForEncodings = 0;
			knownRegions = (
				en,
				Base,
			);
			mainGroup = B8AF02221CC0DBDE00F180F4;
			productRefGroup = B8AF022C1CC0DBDE00F180F4 /* Products */;
			projectDirPath = "";
			projectRoot = "";
			targets = (
				B8AF022A1CC0DBDE00F180F4 /* ShanghaiBeach */,
				B8AF02431CC0DBDE00F180F4 /* ShanghaiBeachTests */,
				B8AF024E1CC0DBDE00F180F4 /* ShanghaiBeachUITests */,
			);
		};
/* End PBXProject section */

/* Begin PBXResourcesBuildPhase section */
		B8AF02291CC0DBDE00F180F4 /* Resources */ = {
			isa = PBXResourcesBuildPhase;
			buildActionMask = 2147483647;
			files = (
				B876286D1CC62996003DBF6A /* SHTRecommendTagCell.xib in Resources */,
				B87A3BB31CC4A22F00C45380 /* SHTRecommendCategoryCell.xib in Resources */,
				B8AF02811CC0E0B800F180F4 /* Info.plist in Resources */,
				B87628B91CC78990003DBF6A /* SHTPushGuideView.xib in Resources */,
				B87628B11CC68A97003DBF6A /* SHTLoginRegisterViewController.xib in Resources */,
				B8D1F7F71CC3E3E2002F9CEA /* SHTDiscoverViewController.xib in Resources */,
				B8AF023B1CC0DBDE00F180F4 /* Assets.xcassets in Resources */,
				B87A3BA91CC47AED00C45380 /* SHTRecommendViewController.xib in Resources */,
				B87A3BB81CC4D5AD00C45380 /* SHTRecommendUserCell.xib in Resources */,
			);
			runOnlyForDeploymentPostprocessing = 0;
		};
		B8AF02421CC0DBDE00F180F4 /* Resources */ = {
			isa = PBXResourcesBuildPhase;
			buildActionMask = 2147483647;
			files = (
			);
			runOnlyForDeploymentPostprocessing = 0;
		};
		B8AF024D1CC0DBDE00F180F4 /* Resources */ = {
			isa = PBXResourcesBuildPhase;
			buildActionMask = 2147483647;
			files = (
			);
			runOnlyForDeploymentPostprocessing = 0;
		};
/* End PBXResourcesBuildPhase section */

/* Begin PBXShellScriptBuildPhase section */
		2EA69FC1BB610AB076C8B358 /* Embed Pods Frameworks */ = {
			isa = PBXShellScriptBuildPhase;
			buildActionMask = 2147483647;
			files = (
			);
			inputPaths = (
			);
			name = "Embed Pods Frameworks";
			outputPaths = (
			);
			runOnlyForDeploymentPostprocessing = 0;
			shellPath = /bin/sh;
			shellScript = "\"${SRCROOT}/Pods/Target Support Files/Pods/Pods-frameworks.sh\"\n";
			showEnvVarsInLog = 0;
		};
		3D3BE778502321ADF73C5B75 /* Copy Pods Resources */ = {
			isa = PBXShellScriptBuildPhase;
			buildActionMask = 2147483647;
			files = (
			);
			inputPaths = (
			);
			name = "Copy Pods Resources";
			outputPaths = (
			);
			runOnlyForDeploymentPostprocessing = 0;
			shellPath = /bin/sh;
			shellScript = "\"${SRCROOT}/Pods/Target Support Files/Pods/Pods-resources.sh\"\n";
			showEnvVarsInLog = 0;
		};
		BF6E32198C5741390FEF8D3A /* Check Pods Manifest.lock */ = {
			isa = PBXShellScriptBuildPhase;
			buildActionMask = 2147483647;
			files = (
			);
			inputPaths = (
			);
			name = "Check Pods Manifest.lock";
			outputPaths = (
			);
			runOnlyForDeploymentPostprocessing = 0;
			shellPath = /bin/sh;
			shellScript = "diff \"${PODS_ROOT}/../Podfile.lock\" \"${PODS_ROOT}/Manifest.lock\" > /dev/null\nif [[ $? != 0 ]] ; then\n    cat << EOM\nerror: The sandbox is not in sync with the Podfile.lock. Run 'pod install' or update your CocoaPods installation.\nEOM\n    exit 1\nfi\n";
			showEnvVarsInLog = 0;
		};
/* End PBXShellScriptBuildPhase section */

/* Begin PBXSourcesBuildPhase section */
		B8AF02271CC0DBDE00F180F4 /* Sources */ = {
			isa = PBXSourcesBuildPhase;
			buildActionMask = 2147483647;
			files = (
				B87628B41CC70517003DBF6A /* SHTVerticalButton.m in Sources */,
				B87A3BAE1CC494A900C45380 /* SHTRecommendCategory.m in Sources */,
				B87A3BBB1CC4E82400C45380 /* SHTRecommendUser.m in Sources */,
				B8AF027C1CC0DFC000F180F4 /* AppDelegate.m in Sources */,
				B87A3BAB1CC47DDB00C45380 /* Foundation+Log.m in Sources */,
				B8CD3C811CC0E85E00B7CA4B /* SHTHomeViewController.m in Sources */,
				B81921B21CC60F3C006FBB8F /* SHTRecommendTagsViewController.m in Sources */,
				B8AF028C1CC0E50F00F180F4 /* UIView+XMGExtension.m in Sources */,
				B8D1F7F51CC3CD1F002F9CEA /* SHTNavigationController.m in Sources */,
				B8AF02841CC0E3B700F180F4 /* SHTTabBar.m in Sources */,
				B87628681CC6272F003DBF6A /* SHTRecommendTag.m in Sources */,
				B8CD3C841CC0E87F00B7CA4B /* SHTDialogueViewController.m in Sources */,
				B87A3BB71CC4D5AD00C45380 /* SHTRecommendUserCell.m in Sources */,
				B8CD3C7E1CC0E76400B7CA4B /* SHTTabBarController.m in Sources */,
				B8CD3C8A1CC0E8C300B7CA4B /* SHTMeViewController.m in Sources */,
				B87628B01CC68A97003DBF6A /* SHTLoginRegisterViewController.m in Sources */,
				B876286C1CC62996003DBF6A /* SHTRecommendTagCell.m in Sources */,
				B8AF028B1CC0E50F00F180F4 /* UIBarButtonItem+XMGExtension.m in Sources */,
				B8CD3C871CC0E8A900B7CA4B /* SHTDiscoverViewController.m in Sources */,
				B87A3BB21CC4A22F00C45380 /* SHTRecommendCategoryCell.m in Sources */,
				B8AF027E1CC0DFC000F180F4 /* main.m in Sources */,
				B87628B71CC78950003DBF6A /* SHTPushGuideView.m in Sources */,
				B87A3BA81CC47AED00C45380 /* SHTRecommendViewController.m in Sources */,
				B8AF027F1CC0DFC000F180F4 /* ViewController.m in Sources */,
			);
			runOnlyForDeploymentPostprocessing = 0;
		};
		B8AF02401CC0DBDE00F180F4 /* Sources */ = {
			isa = PBXSourcesBuildPhase;
			buildActionMask = 2147483647;
			files = (
				B8AF02491CC0DBDE00F180F4 /* ShanghaiBeachTests.m in Sources */,
			);
			runOnlyForDeploymentPostprocessing = 0;
		};
		B8AF024B1CC0DBDE00F180F4 /* Sources */ = {
			isa = PBXSourcesBuildPhase;
			buildActionMask = 2147483647;
			files = (
				B8AF02541CC0DBDE00F180F4 /* ShanghaiBeachUITests.m in Sources */,
			);
			runOnlyForDeploymentPostprocessing = 0;
		};
/* End PBXSourcesBuildPhase section */

/* Begin PBXTargetDependency section */
		B8AF02461CC0DBDE00F180F4 /* PBXTargetDependency */ = {
			isa = PBXTargetDependency;
			target = B8AF022A1CC0DBDE00F180F4 /* ShanghaiBeach */;
			targetProxy = B8AF02451CC0DBDE00F180F4 /* PBXContainerItemProxy */;
		};
		B8AF02511CC0DBDE00F180F4 /* PBXTargetDependency */ = {
			isa = PBXTargetDependency;
			target = B8AF022A1CC0DBDE00F180F4 /* ShanghaiBeach */;
			targetProxy = B8AF02501CC0DBDE00F180F4 /* PBXContainerItemProxy */;
		};
/* End PBXTargetDependency section */

/* Begin XCBuildConfiguration section */
		B8AF02561CC0DBDE00F180F4 /* Debug */ = {
			isa = XCBuildConfiguration;
			buildSettings = {
				ALWAYS_SEARCH_USER_PATHS = NO;
				CLANG_ANALYZER_NONNULL = YES;
				CLANG_CXX_LANGUAGE_STANDARD = "gnu++0x";
				CLANG_CXX_LIBRARY = "libc++";
				CLANG_ENABLE_MODULES = YES;
				CLANG_ENABLE_OBJC_ARC = YES;
				CLANG_WARN_BOOL_CONVERSION = YES;
				CLANG_WARN_CONSTANT_CONVERSION = YES;
				CLANG_WARN_DIRECT_OBJC_ISA_USAGE = YES_ERROR;
				CLANG_WARN_EMPTY_BODY = YES;
				CLANG_WARN_ENUM_CONVERSION = YES;
				CLANG_WARN_INT_CONVERSION = YES;
				CLANG_WARN_OBJC_ROOT_CLASS = YES_ERROR;
				CLANG_WARN_UNREACHABLE_CODE = YES;
				CLANG_WARN__DUPLICATE_METHOD_MATCH = YES;
				"CODE_SIGN_IDENTITY[sdk=iphoneos*]" = "iPhone Developer";
				COPY_PHASE_STRIP = NO;
				DEBUG_INFORMATION_FORMAT = dwarf;
				ENABLE_STRICT_OBJC_MSGSEND = YES;
				ENABLE_TESTABILITY = YES;
				GCC_C_LANGUAGE_STANDARD = gnu99;
				GCC_DYNAMIC_NO_PIC = NO;
				GCC_NO_COMMON_BLOCKS = YES;
				GCC_OPTIMIZATION_LEVEL = 0;
				GCC_PREPROCESSOR_DEFINITIONS = (
					"DEBUG=1",
					"$(inherited)",
				);
				GCC_WARN_64_TO_32_BIT_CONVERSION = YES;
				GCC_WARN_ABOUT_RETURN_TYPE = YES_ERROR;
				GCC_WARN_UNDECLARED_SELECTOR = YES;
				GCC_WARN_UNINITIALIZED_AUTOS = YES_AGGRESSIVE;
				GCC_WARN_UNUSED_FUNCTION = YES;
				GCC_WARN_UNUSED_VARIABLE = YES;
				IPHONEOS_DEPLOYMENT_TARGET = 9.3;
				MTL_ENABLE_DEBUG_INFO = YES;
				ONLY_ACTIVE_ARCH = YES;
				SDKROOT = iphoneos;
			};
			name = Debug;
		};
		B8AF02571CC0DBDE00F180F4 /* Release */ = {
			isa = XCBuildConfiguration;
			buildSettings = {
				ALWAYS_SEARCH_USER_PATHS = NO;
				CLANG_ANALYZER_NONNULL = YES;
				CLANG_CXX_LANGUAGE_STANDARD = "gnu++0x";
				CLANG_CXX_LIBRARY = "libc++";
				CLANG_ENABLE_MODULES = YES;
				CLANG_ENABLE_OBJC_ARC = YES;
				CLANG_WARN_BOOL_CONVERSION = YES;
				CLANG_WARN_CONSTANT_CONVERSION = YES;
				CLANG_WARN_DIRECT_OBJC_ISA_USAGE = YES_ERROR;
				CLANG_WARN_EMPTY_BODY = YES;
				CLANG_WARN_ENUM_CONVERSION = YES;
				CLANG_WARN_INT_CONVERSION = YES;
				CLANG_WARN_OBJC_ROOT_CLASS = YES_ERROR;
				CLANG_WARN_UNREACHABLE_CODE = YES;
				CLANG_WARN__DUPLICATE_METHOD_MATCH = YES;
				"CODE_SIGN_IDENTITY[sdk=iphoneos*]" = "iPhone Developer";
				COPY_PHASE_STRIP = NO;
				DEBUG_INFORMATION_FORMAT = "dwarf-with-dsym";
				ENABLE_NS_ASSERTIONS = NO;
				ENABLE_STRICT_OBJC_MSGSEND = YES;
				GCC_C_LANGUAGE_STANDARD = gnu99;
				GCC_NO_COMMON_BLOCKS = YES;
				GCC_WARN_64_TO_32_BIT_CONVERSION = YES;
				GCC_WARN_ABOUT_RETURN_TYPE = YES_ERROR;
				GCC_WARN_UNDECLARED_SELECTOR = YES;
				GCC_WARN_UNINITIALIZED_AUTOS = YES_AGGRESSIVE;
				GCC_WARN_UNUSED_FUNCTION = YES;
				GCC_WARN_UNUSED_VARIABLE = YES;
				IPHONEOS_DEPLOYMENT_TARGET = 9.3;
				MTL_ENABLE_DEBUG_INFO = NO;
				SDKROOT = iphoneos;
				VALIDATE_PRODUCT = YES;
			};
			name = Release;
		};
		B8AF02591CC0DBDE00F180F4 /* Debug */ = {
			isa = XCBuildConfiguration;
			baseConfigurationReference = 4514E498D57CF39F83748DD1 /* Pods.debug.xcconfig */;
			buildSettings = {
				ASSETCATALOG_COMPILER_APPICON_NAME = AppIcon;
				ASSETCATALOG_COMPILER_LAUNCHIMAGE_NAME = "Brand Assets";
				CODE_SIGN_IDENTITY = "iPhone Developer: Shanghai Yang (E7D4CMP994)";
				GCC_PREFIX_HEADER = ShanghaiBeach/Classes/Others/PrefixHeader.pch;
				INFOPLIST_FILE = ShanghaiBeach/Info.plist;
				IPHONEOS_DEPLOYMENT_TARGET = 8.0;
				LD_RUNPATH_SEARCH_PATHS = "$(inherited) @executable_path/Frameworks";
				PRODUCT_BUNDLE_IDENTIFIER = com.shenzhenware.ShanghaiBeach;
				PRODUCT_NAME = "$(TARGET_NAME)";
			};
			name = Debug;
		};
		B8AF025A1CC0DBDE00F180F4 /* Release */ = {
			isa = XCBuildConfiguration;
			baseConfigurationReference = 418D304A6E3049F271BBC4E6 /* Pods.release.xcconfig */;
			buildSettings = {
				ASSETCATALOG_COMPILER_APPICON_NAME = AppIcon;
				ASSETCATALOG_COMPILER_LAUNCHIMAGE_NAME = "Brand Assets";
				CODE_SIGN_IDENTITY = "iPhone Developer: Shanghai Yang (E7D4CMP994)";
				GCC_PREFIX_HEADER = ShanghaiBeach/Classes/Others/PrefixHeader.pch;
				INFOPLIST_FILE = ShanghaiBeach/Info.plist;
				IPHONEOS_DEPLOYMENT_TARGET = 8.0;
				LD_RUNPATH_SEARCH_PATHS = "$(inherited) @executable_path/Frameworks";
				PRODUCT_BUNDLE_IDENTIFIER = com.shenzhenware.ShanghaiBeach;
				PRODUCT_NAME = "$(TARGET_NAME)";
			};
			name = Release;
		};
		B8AF025C1CC0DBDE00F180F4 /* Debug */ = {
			isa = XCBuildConfiguration;
			buildSettings = {
				BUNDLE_LOADER = "$(TEST_HOST)";
				INFOPLIST_FILE = ShanghaiBeachTests/Info.plist;
				LD_RUNPATH_SEARCH_PATHS = "$(inherited) @executable_path/Frameworks @loader_path/Frameworks";
				PRODUCT_BUNDLE_IDENTIFIER = com.shenzhenware.ShanghaiBeachTests;
				PRODUCT_NAME = "$(TARGET_NAME)";
				TEST_HOST = "$(BUILT_PRODUCTS_DIR)/ShanghaiBeach.app/ShanghaiBeach";
			};
			name = Debug;
		};
		B8AF025D1CC0DBDE00F180F4 /* Release */ = {
			isa = XCBuildConfiguration;
			buildSettings = {
				BUNDLE_LOADER = "$(TEST_HOST)";
				INFOPLIST_FILE = ShanghaiBeachTests/Info.plist;
				LD_RUNPATH_SEARCH_PATHS = "$(inherited) @executable_path/Frameworks @loader_path/Frameworks";
				PRODUCT_BUNDLE_IDENTIFIER = com.shenzhenware.ShanghaiBeachTests;
				PRODUCT_NAME = "$(TARGET_NAME)";
				TEST_HOST = "$(BUILT_PRODUCTS_DIR)/ShanghaiBeach.app/ShanghaiBeach";
			};
			name = Release;
		};
		B8AF025F1CC0DBDE00F180F4 /* Debug */ = {
			isa = XCBuildConfiguration;
			buildSettings = {
				INFOPLIST_FILE = ShanghaiBeachUITests/Info.plist;
				LD_RUNPATH_SEARCH_PATHS = "$(inherited) @executable_path/Frameworks @loader_path/Frameworks";
				PRODUCT_BUNDLE_IDENTIFIER = com.shenzhenware.ShanghaiBeachUITests;
				PRODUCT_NAME = "$(TARGET_NAME)";
				TEST_TARGET_NAME = ShanghaiBeach;
			};
			name = Debug;
		};
		B8AF02601CC0DBDE00F180F4 /* Release */ = {
			isa = XCBuildConfiguration;
			buildSettings = {
				INFOPLIST_FILE = ShanghaiBeachUITests/Info.plist;
				LD_RUNPATH_SEARCH_PATHS = "$(inherited) @executable_path/Frameworks @loader_path/Frameworks";
				PRODUCT_BUNDLE_IDENTIFIER = com.shenzhenware.ShanghaiBeachUITests;
				PRODUCT_NAME = "$(TARGET_NAME)";
				TEST_TARGET_NAME = ShanghaiBeach;
			};
			name = Release;
		};
/* End XCBuildConfiguration section */

/* Begin XCConfigurationList section */
		B8AF02261CC0DBDE00F180F4 /* Build configuration list for PBXProject "ShanghaiBeach" */ = {
			isa = XCConfigurationList;
			buildConfigurations = (
				B8AF02561CC0DBDE00F180F4 /* Debug */,
				B8AF02571CC0DBDE00F180F4 /* Release */,
			);
			defaultConfigurationIsVisible = 0;
			defaultConfigurationName = Release;
		};
		B8AF02581CC0DBDE00F180F4 /* Build configuration list for PBXNativeTarget "ShanghaiBeach" */ = {
			isa = XCConfigurationList;
			buildConfigurations = (
				B8AF02591CC0DBDE00F180F4 /* Debug */,
				B8AF025A1CC0DBDE00F180F4 /* Release */,
			);
			defaultConfigurationIsVisible = 0;
			defaultConfigurationName = Release;
		};
		B8AF025B1CC0DBDE00F180F4 /* Build configuration list for PBXNativeTarget "ShanghaiBeachTests" */ = {
			isa = XCConfigurationList;
			buildConfigurations = (
				B8AF025C1CC0DBDE00F180F4 /* Debug */,
				B8AF025D1CC0DBDE00F180F4 /* Release */,
			);
			defaultConfigurationIsVisible = 0;
			defaultConfigurationName = Release;
		};
		B8AF025E1CC0DBDE00F180F4 /* Build configuration list for PBXNativeTarget "ShanghaiBeachUITests" */ = {
			isa = XCConfigurationList;
			buildConfigurations = (
				B8AF025F1CC0DBDE00F180F4 /* Debug */,
				B8AF02601CC0DBDE00F180F4 /* Release */,
			);
			defaultConfigurationIsVisible = 0;
			defaultConfigurationName = Release;
		};
/* End XCConfigurationList section */
	};
	rootObject = B8AF02231CC0DBDE00F180F4 /* Project object */;
}
